
Microsoft Visual Studio Solution File, Format Version 12.00
# Visual Studio Version 17
VisualStudioVersion = 17.3.32825.248
MinimumVisualStudioVersion = 10.0.40219.1
Project("{FAE04EC0-301F-11D3-BF4B-00C04F79EFBC}") = "TestBLE", "TestBLE\TestBLE.csproj", "{4AAFF806-5564-4095-A932-D3830278D6A3}"
EndProject
Project("{FAE04EC0-301F-11D3-BF4B-00C04F79EFBC}") = "ConsoleApp1", "ConsoleApp1\ConsoleApp1.csproj", "{2362CCB7-A966-4820-8C7B-5A3D20DA5F79}"
EndProject
Global
	GlobalSection(SolutionConfigurationPlatforms) = preSolution
		Debug|Any CPU = Debug|Any CPU
		Release|Any CPU = Release|Any CPU
	EndGlobalSection
	GlobalSection(ProjectConfigurationPlatforms) = postSolution
		{4AAFF806-5564-4095-A932-D3830278D6A3}.Debug|Any CPU.ActiveCfg = Debug|Any CPU
		{4AAFF806-5564-4095-A932-D3830278D6A3}.Debug|Any CPU.Build.0 = Debug|Any CPU
		{4AAFF806-5564-4095-A932-D3830278D6A3}.Release|Any CPU.ActiveCfg = Release|Any CPU
		{4AAFF806-5564-4095-A932-D3830278D6A3}.Release|Any CPU.Build.0 = Release|Any CPU
		{2362CCB7-A966-4820-8C7B-5A3D20DA5F79}.Debug|Any CPU.ActiveCfg = Debug|Any CPU
		{2362CCB7-A966-4820-8C7B-5A3D20DA5F79}.Debug|Any CPU.Build.0 = Debug|Any CPU
		{2362CCB7-A966-4820-8C7B-5A3D20DA5F79}.Release|Any CPU.ActiveCfg = Release|Any CPU
		{2362CCB7-A966-4820-8C7B-5A3D20DA5F79}.Release|Any CPU.Build.0 = Release|Any CPU
	EndGlobalSection
	GlobalSection(SolutionProperties) = preSolution
		HideSolutionNode = FALSE
	EndGlobalSection
	GlobalSection(ExtensibilityGlobals) = postSolution
		SolutionGuid = {6684C50D-0082-4AC6-A06F-342A1BC67791}
	EndGlobalSection
EndGlobal
